
Microsoft Visual Studio Solution File, Format Version 12.00
# Visual Studio Version 16
VisualStudioVersion = 16.0.30413.136
MinimumVisualStudioVersion = 10.0.40219.1
Project("{FAE04EC0-301F-11D3-BF4B-00C04F79EFBC}") = "System.IO", "System.IO.csproj", "{883C0C83-A8A4-46B6-9758-3E72D5F34AD8}"
EndProject
Project("{FAE04EC0-301F-11D3-BF4B-00C04F79EFBC}") = "SystemIO.test", "..\SystemIO.test\SystemIO.test.csproj", "{4F048C04-77E6-4B1C-8100-C2A519723A7F}"
EndProject
Global
	GlobalSection(SolutionConfigurationPlatforms) = preSolution
		Debug|Any CPU = Debug|Any CPU
		Release|Any CPU = Release|Any CPU
	EndGlobalSection
	GlobalSection(ProjectConfigurationPlatforms) = postSolution
		{883C0C83-A8A4-46B6-9758-3E72D5F34AD8}.Debug|Any CPU.ActiveCfg = Debug|Any CPU
		{883C0C83-A8A4-46B6-9758-3E72D5F34AD8}.Debug|Any CPU.Build.0 = Debug|Any CPU
		{883C0C83-A8A4-46B6-9758-3E72D5F34AD8}.Release|Any CPU.ActiveCfg = Release|Any CPU
		{883C0C83-A8A4-46B6-9758-3E72D5F34AD8}.Release|Any CPU.Build.0 = Release|Any CPU
		{4F048C04-77E6-4B1C-8100-C2A519723A7F}.Debug|Any CPU.ActiveCfg = Debug|Any CPU
		{4F048C04-77E6-4B1C-8100-C2A519723A7F}.Debug|Any CPU.Build.0 = Debug|Any CPU
		{4F048C04-77E6-4B1C-8100-C2A519723A7F}.Release|Any CPU.ActiveCfg = Release|Any CPU
		{4F048C04-77E6-4B1C-8100-C2A519723A7F}.Release|Any CPU.Build.0 = Release|Any CPU
	EndGlobalSection
	GlobalSection(SolutionProperties) = preSolution
		HideSolutionNode = FALSE
	EndGlobalSection
	GlobalSection(ExtensibilityGlobals) = postSolution
		SolutionGuid = {6DEE6536-AF8D-449F-B7FD-936FA02F11A5}
	EndGlobalSection
EndGlobal
